
Microsoft Visual Studio Solution File, Format Version 12.00
# Visual Studio Version 16
VisualStudioVersion = 16.0.33801.447
MinimumVisualStudioVersion = 10.0.40219.1
Project("{FAE04EC0-301F-11D3-BF4B-00C04F79EFBC}") = "ToDoItems", "ToDoItems\ToDoItems.csproj", "{C53BEC64-34C4-4673-87F1-A17F474234FD}"
EndProject
Global
	GlobalSection(SolutionConfigurationPlatforms) = preSolution
		Debug|Any CPU = Debug|Any CPU
		Release|Any CPU = Release|Any CPU
	EndGlobalSection
	GlobalSection(ProjectConfigurationPlatforms) = postSolution
		{C53BEC64-34C4-4673-87F1-A17F474234FD}.Debug|Any CPU.ActiveCfg = Debug|Any CPU
		{C53BEC64-34C4-4673-87F1-A17F474234FD}.Debug|Any CPU.Build.0 = Debug|Any CPU
		{C53BEC64-34C4-4673-87F1-A17F474234FD}.Release|Any CPU.ActiveCfg = Release|Any CPU
		{C53BEC64-34C4-4673-87F1-A17F474234FD}.Release|Any CPU.Build.0 = Release|Any CPU
	EndGlobalSection
	GlobalSection(SolutionProperties) = preSolution
		HideSolutionNode = FALSE
	EndGlobalSection
	GlobalSection(ExtensibilityGlobals) = postSolution
		SolutionGuid = {BBBA88BD-4BC7-418B-B774-DA1A43E50C74}
	EndGlobalSection
EndGlobal
